
Microsoft Visual Studio Solution File, Format Version 12.00
# Visual Studio Version 17
VisualStudioVersion = 17.14.36401.2 d17.14
MinimumVisualStudioVersion = 10.0.40219.1
Project("{8BC9CEB8-8B4A-11D0-8D11-00A0C91BC942}") = "1. AREA DE TRAPECIO", "nose\nose.vcxproj", "{930EE30C-6073-CD63-A272-BA65ADF1BC77}"
EndProject
Project("{8BC9CEB8-8B4A-11D0-8D11-00A0C91BC942}") = "2. CONVERSOR DE TEMPERATURA", "2. DOS\2. DOS.vcxproj", "{7ED4471B-EF87-7035-1105-C610654895B3}"
EndProject
Project("{8BC9CEB8-8B4A-11D0-8D11-00A0C91BC942}") = "3. DETERMINAR PRECIO FINAL", "3. DETERMINAR PRECIO FINAL\3. DETERMINAR PRECIO FINAL.vcxproj", "{77663B07-8313-48C8-541E-746D04DF2063}"
EndProject
Project("{8BC9CEB8-8B4A-11D0-8D11-00A0C91BC942}") = "4. TIEMPO PROMEDIO DE RUTA", "4. TIEMPO PROMEDIO DE RUTA\4. TIEMPO PROMEDIO DE RUTA.vcxproj", "{87575EC5-D444-6B93-86E0-06A1EB2E0318}"
EndProject
Project("{8BC9CEB8-8B4A-11D0-8D11-00A0C91BC942}") = "5. GASOLINERA Y GALONES", "5. GASOLINERA Y GALONES\5. GASOLINERA Y GALONES.vcxproj", "{E41F601F-0E1C-A4EE-1853-3B284318B6C4}"
EndProject
Project("{8BC9CEB8-8B4A-11D0-8D11-00A0C91BC942}") = "6. COMPARACION DE DISTANCIAS", "6. COMPARACION DE DISTANCIAS\6. COMPARACION DE DISTANCIAS.vcxproj", "{60E283AA-BA87-DDD4-B907-91617C9EAE6A}"
EndProject
Project("{8BC9CEB8-8B4A-11D0-8D11-00A0C91BC942}") = "7. RECOMENDACION DE CALORIAS", "7. RECOMENDACION DE CALORIAS\7. RECOMENDACION DE CALORIAS.vcxproj", "{AC772D21-DB47-F983-795C-1B7F19617DCB}"
EndProject
Project("{8BC9CEB8-8B4A-11D0-8D11-00A0C91BC942}") = "8. DETERMINAR CALORIAS ACT", "8. DETERMINAR CALORIAS ACT\8. DETERMINAR CALORIAS ACT.vcxproj", "{90F135A4-F0A1-AE07-894D-4844F4751CCB}"
EndProject
Global
	GlobalSection(SolutionConfigurationPlatforms) = preSolution
		Debug|x64 = Debug|x64
		Debug|x86 = Debug|x86
		Release|x64 = Release|x64
		Release|x86 = Release|x86
	EndGlobalSection
	GlobalSection(ProjectConfigurationPlatforms) = postSolution
		{930EE30C-6073-CD63-A272-BA65ADF1BC77}.Debug|x64.ActiveCfg = Debug|x64
		{930EE30C-6073-CD63-A272-BA65ADF1BC77}.Debug|x64.Build.0 = Debug|x64
		{930EE30C-6073-CD63-A272-BA65ADF1BC77}.Debug|x86.ActiveCfg = Debug|Win32
		{930EE30C-6073-CD63-A272-BA65ADF1BC77}.Debug|x86.Build.0 = Debug|Win32
		{930EE30C-6073-CD63-A272-BA65ADF1BC77}.Release|x64.ActiveCfg = Release|x64
		{930EE30C-6073-CD63-A272-BA65ADF1BC77}.Release|x64.Build.0 = Release|x64
		{930EE30C-6073-CD63-A272-BA65ADF1BC77}.Release|x86.ActiveCfg = Release|Win32
		{930EE30C-6073-CD63-A272-BA65ADF1BC77}.Release|x86.Build.0 = Release|Win32
		{7ED4471B-EF87-7035-1105-C610654895B3}.Debug|x64.ActiveCfg = Debug|x64
		{7ED4471B-EF87-7035-1105-C610654895B3}.Debug|x64.Build.0 = Debug|x64
		{7ED4471B-EF87-7035-1105-C610654895B3}.Debug|x86.ActiveCfg = Debug|Win32
		{7ED4471B-EF87-7035-1105-C610654895B3}.Debug|x86.Build.0 = Debug|Win32
		{7ED4471B-EF87-7035-1105-C610654895B3}.Release|x64.ActiveCfg = Release|x64
		{7ED4471B-EF87-7035-1105-C610654895B3}.Release|x64.Build.0 = Release|x64
		{7ED4471B-EF87-7035-1105-C610654895B3}.Release|x86.ActiveCfg = Release|Win32
		{7ED4471B-EF87-7035-1105-C610654895B3}.Release|x86.Build.0 = Release|Win32
		{77663B07-8313-48C8-541E-746D04DF2063}.Debug|x64.ActiveCfg = Debug|x64
		{77663B07-8313-48C8-541E-746D04DF2063}.Debug|x64.Build.0 = Debug|x64
		{77663B07-8313-48C8-541E-746D04DF2063}.Debug|x86.ActiveCfg = Debug|Win32
		{77663B07-8313-48C8-541E-746D04DF2063}.Debug|x86.Build.0 = Debug|Win32
		{77663B07-8313-48C8-541E-746D04DF2063}.Release|x64.ActiveCfg = Release|x64
		{77663B07-8313-48C8-541E-746D04DF2063}.Release|x64.Build.0 = Release|x64
		{77663B07-8313-48C8-541E-746D04DF2063}.Release|x86.ActiveCfg = Release|Win32
		{77663B07-8313-48C8-541E-746D04DF2063}.Release|x86.Build.0 = Release|Win32
		{87575EC5-D444-6B93-86E0-06A1EB2E0318}.Debug|x64.ActiveCfg = Debug|x64
		{87575EC5-D444-6B93-86E0-06A1EB2E0318}.Debug|x64.Build.0 = Debug|x64
		{87575EC5-D444-6B93-86E0-06A1EB2E0318}.Debug|x86.ActiveCfg = Debug|Win32
		{87575EC5-D444-6B93-86E0-06A1EB2E0318}.Debug|x86.Build.0 = Debug|Win32
		{87575EC5-D444-6B93-86E0-06A1EB2E0318}.Release|x64.ActiveCfg = Release|x64
		{87575EC5-D444-6B93-86E0-06A1EB2E0318}.Release|x64.Build.0 = Release|x64
		{87575EC5-D444-6B93-86E0-06A1EB2E0318}.Release|x86.ActiveCfg = Release|Win32
		{87575EC5-D444-6B93-86E0-06A1EB2E0318}.Release|x86.Build.0 = Release|Win32
		{E41F601F-0E1C-A4EE-1853-3B284318B6C4}.Debug|x64.ActiveCfg = Debug|x64
		{E41F601F-0E1C-A4EE-1853-3B284318B6C4}.Debug|x64.Build.0 = Debug|x64
		{E41F601F-0E1C-A4EE-1853-3B284318B6C4}.Debug|x86.ActiveCfg = Debug|Win32
		{E41F601F-0E1C-A4EE-1853-3B284318B6C4}.Debug|x86.Build.0 = Debug|Win32
		{E41F601F-0E1C-A4EE-1853-3B284318B6C4}.Release|x64.ActiveCfg = Release|x64
		{E41F601F-0E1C-A4EE-1853-3B284318B6C4}.Release|x64.Build.0 = Release|x64
		{E41F601F-0E1C-A4EE-1853-3B284318B6C4}.Release|x86.ActiveCfg = Release|Win32
		{E41F601F-0E1C-A4EE-1853-3B284318B6C4}.Release|x86.Build.0 = Release|Win32
		{60E283AA-BA87-DDD4-B907-91617C9EAE6A}.Debug|x64.ActiveCfg = Debug|x64
		{60E283AA-BA87-DDD4-B907-91617C9EAE6A}.Debug|x64.Build.0 = Debug|x64
		{60E283AA-BA87-DDD4-B907-91617C9EAE6A}.Debug|x86.ActiveCfg = Debug|Win32
		{60E283AA-BA87-DDD4-B907-91617C9EAE6A}.Debug|x86.Build.0 = Debug|Win32
		{60E283AA-BA87-DDD4-B907-91617C9EAE6A}.Release|x64.ActiveCfg = Release|x64
		{60E283AA-BA87-DDD4-B907-91617C9EAE6A}.Release|x64.Build.0 = Release|x64
		{60E283AA-BA87-DDD4-B907-91617C9EAE6A}.Release|x86.ActiveCfg = Release|Win32
		{60E283AA-BA87-DDD4-B907-91617C9EAE6A}.Release|x86.Build.0 = Release|Win32
		{AC772D21-DB47-F983-795C-1B7F19617DCB}.Debug|x64.ActiveCfg = Debug|x64
		{AC772D21-DB47-F983-795C-1B7F19617DCB}.Debug|x64.Build.0 = Debug|x64
		{AC772D21-DB47-F983-795C-1B7F19617DCB}.Debug|x86.ActiveCfg = Debug|Win32
		{AC772D21-DB47-F983-795C-1B7F19617DCB}.Debug|x86.Build.0 = Debug|Win32
		{AC772D21-DB47-F983-795C-1B7F19617DCB}.Release|x64.ActiveCfg = Release|x64
		{AC772D21-DB47-F983-795C-1B7F19617DCB}.Release|x64.Build.0 = Release|x64
		{AC772D21-DB47-F983-795C-1B7F19617DCB}.Release|x86.ActiveCfg = Release|Win32
		{AC772D21-DB47-F983-795C-1B7F19617DCB}.Release|x86.Build.0 = Release|Win32
		{90F135A4-F0A1-AE07-894D-4844F4751CCB}.Debug|x64.ActiveCfg = Debug|x64
		{90F135A4-F0A1-AE07-894D-4844F4751CCB}.Debug|x64.Build.0 = Debug|x64
		{90F135A4-F0A1-AE07-894D-4844F4751CCB}.Debug|x86.ActiveCfg = Debug|Win32
		{90F135A4-F0A1-AE07-894D-4844F4751CCB}.Debug|x86.Build.0 = Debug|Win32
		{90F135A4-F0A1-AE07-894D-4844F4751CCB}.Release|x64.ActiveCfg = Release|x64
		{90F135A4-F0A1-AE07-894D-4844F4751CCB}.Release|x64.Build.0 = Release|x64
		{90F135A4-F0A1-AE07-894D-4844F4751CCB}.Release|x86.ActiveCfg = Release|Win32
		{90F135A4-F0A1-AE07-894D-4844F4751CCB}.Release|x86.Build.0 = Release|Win32
	EndGlobalSection
	GlobalSection(SolutionProperties) = preSolution
		HideSolutionNode = FALSE
	EndGlobalSection
	GlobalSection(ExtensibilityGlobals) = postSolution
		SolutionGuid = {F426A3DA-CCD3-4CCD-8830-C1E1D7AA0A34}
	EndGlobalSection
EndGlobal
